
Microsoft Visual Studio Solution File, Format Version 11.00
# Visual Studio 2010
Project("{8BC9CEB8-8B4A-11D0-8D11-00A0C91BC942}") = "CIS170C_Bennett_S_Lab03_DivingComp", "CIS170C_Bennett_S_Lab03_DivingComp\CIS170C_Bennett_S_Lab03_DivingComp.vcxproj", "{A43B4A3D-22CF-480F-AEAE-2F2A9BD51799}"
EndProject
Global
	GlobalSection(SolutionConfigurationPlatforms) = preSolution
		Debug|Win32 = Debug|Win32
		Release|Win32 = Release|Win32
	EndGlobalSection
	GlobalSection(ProjectConfigurationPlatforms) = postSolution
		{A43B4A3D-22CF-480F-AEAE-2F2A9BD51799}.Debug|Win32.ActiveCfg = Debug|Win32
		{A43B4A3D-22CF-480F-AEAE-2F2A9BD51799}.Debug|Win32.Build.0 = Debug|Win32
		{A43B4A3D-22CF-480F-AEAE-2F2A9BD51799}.Release|Win32.ActiveCfg = Release|Win32
		{A43B4A3D-22CF-480F-AEAE-2F2A9BD51799}.Release|Win32.Build.0 = Release|Win32
	EndGlobalSection
	GlobalSection(SolutionProperties) = preSolution
		HideSolutionNode = FALSE
	EndGlobalSection
EndGlobal
